// !$*UTF8*$!
{
	archiveVersion = 1;
	classes = {
	};
	objectVersion = 46;
	objects = {

/* Begin PBXBuildFile section */
		C75201FF1F73458A005E1197 /* AttributedLabelTests.swift in Sources */ = {isa = PBXBuildFile; fileRef = C75201FE1F73458A005E1197 /* AttributedLabelTests.swift */; };
		C75202011F73458A005E1197 /* AttributedLabel.framework in Frameworks */ = {isa = PBXBuildFile; fileRef = C7F60DC51B582DCC006761A8 /* AttributedLabel.framework */; };
		C7F60DC91B582DCC006761A8 /* AttributedLabel.h in Headers */ = {isa = PBXBuildFile; fileRef = C7F60DC81B582DCC006761A8 /* AttributedLabel.h */; settings = {ATTRIBUTES = (Public, ); }; };
		C7F60DD11B582E1D006761A8 /* AttributedLabel.swift in Sources */ = {isa = PBXBuildFile; fileRef = C7F60DD01B582E1D006761A8 /* AttributedLabel.swift */; };
		EDC739CD1F7B582300206679 /* AttributedLabel.framework in Frameworks */ = {isa = PBXBuildFile; fileRef = EDC739C41F7B582300206679 /* AttributedLabel.framework */; };
		EDC739DB1F7B584600206679 /* AttributedLabel.swift in Sources */ = {isa = PBXBuildFile; fileRef = C7F60DD01B582E1D006761A8 /* AttributedLabel.swift */; };
		EDC739DC1F7B585700206679 /* AttributedLabelTests.swift in Sources */ = {isa = PBXBuildFile; fileRef = C75201FE1F73458A005E1197 /* AttributedLabelTests.swift */; };
/* End PBXBuildFile section */

/* Begin PBXContainerItemProxy section */
		C75202021F73458A005E1197 /* PBXContainerItemProxy */ = {
			isa = PBXContainerItemProxy;
			containerPortal = C7F60DBC1B582DCC006761A8 /* Project object */;
			proxyType = 1;
			remoteGlobalIDString = C7F60DC41B582DCC006761A8;
			remoteInfo = AttributedLabel;
		};
		EDC739CE1F7B582300206679 /* PBXContainerItemProxy */ = {
			isa = PBXContainerItemProxy;
			containerPortal = C7F60DBC1B582DCC006761A8 /* Project object */;
			proxyType = 1;
			remoteGlobalIDString = EDC739C31F7B582300206679;
			remoteInfo = "AttributedLabel-tvOS";
		};
/* End PBXContainerItemProxy section */

/* Begin PBXFileReference section */
		C75201FC1F73458A005E1197 /* AttributedLabelTests.xctest */ = {isa = PBXFileReference; explicitFileType = wrapper.cfbundle; includeInIndex = 0; path = AttributedLabelTests.xctest; sourceTree = BUILT_PRODUCTS_DIR; };
		C75201FE1F73458A005E1197 /* AttributedLabelTests.swift */ = {isa = PBXFileReference; lastKnownFileType = sourcecode.swift; path = AttributedLabelTests.swift; sourceTree = "<group>"; };
		C75202001F73458A005E1197 /* Info.plist */ = {isa = PBXFileReference; lastKnownFileType = text.plist.xml; path = Info.plist; sourceTree = "<group>"; };
		C7F60DC51B582DCC006761A8 /* AttributedLabel.framework */ = {isa = PBXFileReference; explicitFileType = wrapper.framework; includeInIndex = 0; path = AttributedLabel.framework; sourceTree = BUILT_PRODUCTS_DIR; };
		C7F60DC81B582DCC006761A8 /* AttributedLabel.h */ = {isa = PBXFileReference; lastKnownFileType = sourcecode.c.h; path = AttributedLabel.h; sourceTree = "<group>"; };
		C7F60DCA1B582DCC006761A8 /* Info.plist */ = {isa = PBXFileReference; lastKnownFileType = text.plist.xml; path = Info.plist; sourceTree = "<group>"; };
		C7F60DD01B582E1D006761A8 /* AttributedLabel.swift */ = {isa = PBXFileReference; fileEncoding = 4; lastKnownFileType = sourcecode.swift; path = AttributedLabel.swift; sourceTree = "<group>"; };
		EDC739C41F7B582300206679 /* AttributedLabel.framework */ = {isa = PBXFileReference; explicitFileType = wrapper.framework; includeInIndex = 0; path = AttributedLabel.framework; sourceTree = BUILT_PRODUCTS_DIR; };
		EDC739CC1F7B582300206679 /* AttributedLabel-tvOSTests.xctest */ = {isa = PBXFileReference; explicitFileType = wrapper.cfbundle; includeInIndex = 0; path = "AttributedLabel-tvOSTests.xctest"; sourceTree = BUILT_PRODUCTS_DIR; };
/* End PBXFileReference section */

/* Begin PBXFrameworksBuildPhase section */
		C75201F91F73458A005E1197 /* Frameworks */ = {
			isa = PBXFrameworksBuildPhase;
			buildActionMask = 2147483647;
			files = (
				C75202011F73458A005E1197 /* AttributedLabel.framework in Frameworks */,
			);
			runOnlyForDeploymentPostprocessing = 0;
		};
		C7F60DC11B582DCC006761A8 /* Frameworks */ = {
			isa = PBXFrameworksBuildPhase;
			buildActionMask = 2147483647;
			files = (
			);
			runOnlyForDeploymentPostprocessing = 0;
		};
		EDC739C01F7B582300206679 /* Frameworks */ = {
			isa = PBXFrameworksBuildPhase;
			buildActionMask = 2147483647;
			files = (
			);
			runOnlyForDeploymentPostprocessing = 0;
		};
		EDC739C91F7B582300206679 /* Frameworks */ = {
			isa = PBXFrameworksBuildPhase;
			buildActionMask = 2147483647;
			files = (
				EDC739CD1F7B582300206679 /* AttributedLabel.framework in Frameworks */,
			);
			runOnlyForDeploymentPostprocessing = 0;
		};
/* End PBXFrameworksBuildPhase section */

/* Begin PBXGroup section */
		C75201FD1F73458A005E1197 /* AttributedLabelTests */ = {
			isa = PBXGroup;
			children = (
				C75201FE1F73458A005E1197 /* AttributedLabelTests.swift */,
				C75202001F73458A005E1197 /* Info.plist */,
			);
			path = AttributedLabelTests;
			sourceTree = "<group>";
		};
		C7F60DBB1B582DCC006761A8 = {
			isa = PBXGroup;
			children = (
				C7F60DC71B582DCC006761A8 /* AttributedLabel */,
				C75201FD1F73458A005E1197 /* AttributedLabelTests */,
				C7F60DC61B582DCC006761A8 /* Products */,
			);
			sourceTree = "<group>";
		};
		C7F60DC61B582DCC006761A8 /* Products */ = {
			isa = PBXGroup;
			children = (
				C7F60DC51B582DCC006761A8 /* AttributedLabel.framework */,
				C75201FC1F73458A005E1197 /* AttributedLabelTests.xctest */,
				EDC739C41F7B582300206679 /* AttributedLabel.framework */,
				EDC739CC1F7B582300206679 /* AttributedLabel-tvOSTests.xctest */,
			);
			name = Products;
			sourceTree = "<group>";
		};
		C7F60DC71B582DCC006761A8 /* AttributedLabel */ = {
			isa = PBXGroup;
			children = (
				C7F60DC81B582DCC006761A8 /* AttributedLabel.h */,
				C7F60DD01B582E1D006761A8 /* AttributedLabel.swift */,
				C7F60DCA1B582DCC006761A8 /* Info.plist */,
			);
			path = AttributedLabel;
			sourceTree = "<group>";
		};
/* End PBXGroup section */

/* Begin PBXHeadersBuildPhase section */
		C7F60DC21B582DCC006761A8 /* Headers */ = {
			isa = PBXHeadersBuildPhase;
			buildActionMask = 2147483647;
			files = (
				C7F60DC91B582DCC006761A8 /* AttributedLabel.h in Headers */,
			);
			runOnlyForDeploymentPostprocessing = 0;
		};
		EDC739C11F7B582300206679 /* Headers */ = {
			isa = PBXHeadersBuildPhase;
			buildActionMask = 2147483647;
			files = (
			);
			runOnlyForDeploymentPostprocessing = 0;
		};
/* End PBXHeadersBuildPhase section */

/* Begin PBXNativeTarget section */
		C75201FB1F73458A005E1197 /* AttributedLabelTests */ = {
			isa = PBXNativeTarget;
			buildConfigurationList = C75202061F73458A005E1197 /* Build configuration list for PBXNativeTarget "AttributedLabelTests" */;
			buildPhases = (
				C75201F81F73458A005E1197 /* Sources */,
				C75201F91F73458A005E1197 /* Frameworks */,
				C75201FA1F73458A005E1197 /* Resources */,
			);
			buildRules = (
			);
			dependencies = (
				C75202031F73458A005E1197 /* PBXTargetDependency */,
			);
			name = AttributedLabelTests;
			productName = AttributedLabelTests;
			productReference = C75201FC1F73458A005E1197 /* AttributedLabelTests.xctest */;
			productType = "com.apple.product-type.bundle.unit-test";
		};
		C7F60DC41B582DCC006761A8 /* AttributedLabel */ = {
			isa = PBXNativeTarget;
			buildConfigurationList = C7F60DCD1B582DCC006761A8 /* Build configuration list for PBXNativeTarget "AttributedLabel" */;
			buildPhases = (
				C7F60DC01B582DCC006761A8 /* Sources */,
				C7F60DC11B582DCC006761A8 /* Frameworks */,
				C7F60DC21B582DCC006761A8 /* Headers */,
				C7F60DC31B582DCC006761A8 /* Resources */,
			);
			buildRules = (
			);
			dependencies = (
			);
			name = AttributedLabel;
			productName = AttributedLabel;
			productReference = C7F60DC51B582DCC006761A8 /* AttributedLabel.framework */;
			productType = "com.apple.product-type.framework";
		};
		EDC739C31F7B582300206679 /* AttributedLabel-tvOS */ = {
			isa = PBXNativeTarget;
			buildConfigurationList = EDC739D91F7B582300206679 /* Build configuration list for PBXNativeTarget "AttributedLabel-tvOS" */;
			buildPhases = (
				EDC739BF1F7B582300206679 /* Sources */,
				EDC739C01F7B582300206679 /* Frameworks */,
				EDC739C11F7B582300206679 /* Headers */,
				EDC739C21F7B582300206679 /* Resources */,
			);
			buildRules = (
			);
			dependencies = (
			);
			name = "AttributedLabel-tvOS";
			productName = "AttributedLabel-tvOS";
			productReference = EDC739C41F7B582300206679 /* AttributedLabel.framework */;
			productType = "com.apple.product-type.framework";
		};
		EDC739CB1F7B582300206679 /* AttributedLabel-tvOSTests */ = {
			isa = PBXNativeTarget;
			buildConfigurationList = EDC739DA1F7B582300206679 /* Build configuration list for PBXNativeTarget "AttributedLabel-tvOSTests" */;
			buildPhases = (
				EDC739C81F7B582300206679 /* Sources */,
				EDC739C91F7B582300206679 /* Frameworks */,
				EDC739CA1F7B582300206679 /* Resources */,
			);
			buildRules = (
			);
			dependencies = (
				EDC739CF1F7B582300206679 /* PBXTargetDependency */,
			);
			name = "AttributedLabel-tvOSTests";
			productName = "AttributedLabel-tvOSTests";
			productReference = EDC739CC1F7B582300206679 /* AttributedLabel-tvOSTests.xctest */;
			productType = "com.apple.product-type.bundle.unit-test";
		};
/* End PBXNativeTarget section */

/* Begin PBXProject section */
		C7F60DBC1B582DCC006761A8 /* Project object */ = {
			isa = PBXProject;
			attributes = {
				LastSwiftUpdateCheck = 0900;
				LastUpgradeCheck = 0900;
				ORGANIZATIONNAME = "Kyohei Ito";
				TargetAttributes = {
					C75201FB1F73458A005E1197 = {
						CreatedOnToolsVersion = 9.0;
						ProvisioningStyle = Automatic;
					};
					C7F60DC41B582DCC006761A8 = {
						CreatedOnToolsVersion = 7.0;
						LastSwiftMigration = 0900;
					};
					EDC739C31F7B582300206679 = {
						CreatedOnToolsVersion = 9.0;
						ProvisioningStyle = Automatic;
					};
					EDC739CB1F7B582300206679 = {
						CreatedOnToolsVersion = 9.0;
						ProvisioningStyle = Automatic;
					};
				};
			};
			buildConfigurationList = C7F60DBF1B582DCC006761A8 /* Build configuration list for PBXProject "AttributedLabel" */;
			compatibilityVersion = "Xcode 3.2";
			developmentRegion = English;
			hasScannedForEncodings = 0;
			knownRegions = (
				en,
			);
			mainGroup = C7F60DBB1B582DCC006761A8;
			productRefGroup = C7F60DC61B582DCC006761A8 /* Products */;
			projectDirPath = "";
			projectRoot = "";
			targets = (
				C7F60DC41B582DCC006761A8 /* AttributedLabel */,
				C75201FB1F73458A005E1197 /* AttributedLabelTests */,
				EDC739C31F7B582300206679 /* AttributedLabel-tvOS */,
				EDC739CB1F7B582300206679 /* AttributedLabel-tvOSTests */,
			);
		};
/* End PBXProject section */

/* Begin PBXResourcesBuildPhase section */
		C75201FA1F73458A005E1197 /* Resources */ = {
			isa = PBXResourcesBuildPhase;
			buildActionMask = 2147483647;
			files = (
			);
			runOnlyForDeploymentPostprocessing = 0;
		};
		C7F60DC31B582DCC006761A8 /* Resources */ = {
			isa = PBXResourcesBuildPhase;
			buildActionMask = 2147483647;
			files = (
			);
			runOnlyForDeploymentPostprocessing = 0;
		};
		EDC739C21F7B582300206679 /* Resources */ = {
			isa = PBXResourcesBuildPhase;
			buildActionMask = 2147483647;
			files = (
			);
			runOnlyForDeploymentPostprocessing = 0;
		};
		EDC739CA1F7B582300206679 /* Resources */ = {
			isa = PBXResourcesBuildPhase;
			buildActionMask = 2147483647;
			files = (
			);
			runOnlyForDeploymentPostprocessing = 0;
		};
/* End PBXResourcesBuildPhase section */

/* Begin PBXSourcesBuildPhase section */
		C75201F81F73458A005E1197 /* Sources */ = {
			isa = PBXSourcesBuildPhase;
			buildActionMask = 2147483647;
			files = (
				C75201FF1F73458A005E1197 /* AttributedLabelTests.swift in Sources */,
			);
			runOnlyForDeploymentPostprocessing = 0;
		};
		C7F60DC01B582DCC006761A8 /* Sources */ = {
			isa = PBXSourcesBuildPhase;
			buildActionMask = 2147483647;
			files = (
				C7F60DD11B582E1D006761A8 /* AttributedLabel.swift in Sources */,
			);
			runOnlyForDeploymentPostprocessing = 0;
		};
		EDC739BF1F7B582300206679 /* Sources */ = {
			isa = PBXSourcesBuildPhase;
			buildActionMask = 2147483647;
			files = (
				EDC739DB1F7B584600206679 /* AttributedLabel.swift in Sources */,
			);
			runOnlyForDeploymentPostprocessing = 0;
		};
		EDC739C81F7B582300206679 /* Sources */ = {
			isa = PBXSourcesBuildPhase;
			buildActionMask = 2147483647;
			files = (
				EDC739DC1F7B585700206679 /* AttributedLabelTests.swift in Sources */,
			);
			runOnlyForDeploymentPostprocessing = 0;
		};
/* End PBXSourcesBuildPhase section */

/* Begin PBXTargetDependency section */
		C75202031F73458A005E1197 /* PBXTargetDependency */ = {
			isa = PBXTargetDependency;
			target = C7F60DC41B582DCC006761A8 /* AttributedLabel */;
			targetProxy = C75202021F73458A005E1197 /* PBXContainerItemProxy */;
		};
		EDC739CF1F7B582300206679 /* PBXTargetDependency */ = {
			isa = PBXTargetDependency;
			target = EDC739C31F7B582300206679 /* AttributedLabel-tvOS */;
			targetProxy = EDC739CE1F7B582300206679 /* PBXContainerItemProxy */;
		};
/* End PBXTargetDependency section */

/* Begin XCBuildConfiguration section */
		C75202041F73458A005E1197 /* Debug */ = {
			isa = XCBuildConfiguration;
			buildSettings = {
				CLANG_ANALYZER_NONNULL = YES;
				CLANG_ANALYZER_NUMBER_OBJECT_CONVERSION = YES_AGGRESSIVE;
				CLANG_CXX_LANGUAGE_STANDARD = "gnu++14";
				CLANG_WARN_DOCUMENTATION_COMMENTS = YES;
				CLANG_WARN_UNGUARDED_AVAILABILITY = YES_AGGRESSIVE;
				CODE_SIGN_IDENTITY = "iPhone Developer";
				CODE_SIGN_STYLE = Automatic;
				DEVELOPMENT_TEAM = "";
				GCC_C_LANGUAGE_STANDARD = gnu11;
				INFOPLIST_FILE = AttributedLabelTests/Info.plist;
				IPHONEOS_DEPLOYMENT_TARGET = 11.0;
				LD_RUNPATH_SEARCH_PATHS = "$(inherited) @executable_path/Frameworks @loader_path/Frameworks";
				PRODUCT_BUNDLE_IDENTIFIER = com.kyoheiito.AttributedLabelTests;
				PRODUCT_NAME = "$(TARGET_NAME)";
				SWIFT_ACTIVE_COMPILATION_CONDITIONS = DEBUG;
				SWIFT_VERSION = 4.0;
				TARGETED_DEVICE_FAMILY = "1,2";
			};
			name = Debug;
		};
		C75202051F73458A005E1197 /* Release */ = {
			isa = XCBuildConfiguration;
			buildSettings = {
				CLANG_ANALYZER_NONNULL = YES;
				CLANG_ANALYZER_NUMBER_OBJECT_CONVERSION = YES_AGGRESSIVE;
				CLANG_CXX_LANGUAGE_STANDARD = "gnu++14";
				CLANG_WARN_DOCUMENTATION_COMMENTS = YES;
				CLANG_WARN_UNGUARDED_AVAILABILITY = YES_AGGRESSIVE;
				CODE_SIGN_IDENTITY = "iPhone Developer";
				CODE_SIGN_STYLE = Automatic;
				DEVELOPMENT_TEAM = "";
				GCC_C_LANGUAGE_STANDARD = gnu11;
				INFOPLIST_FILE = AttributedLabelTests/Info.plist;
				IPHONEOS_DEPLOYMENT_TARGET = 11.0;
				LD_RUNPATH_SEARCH_PATHS = "$(inherited) @executable_path/Frameworks @loader_path/Frameworks";
				PRODUCT_BUNDLE_IDENTIFIER = com.kyoheiito.AttributedLabelTests;
				PRODUCT_NAME = "$(TARGET_NAME)";
				SWIFT_VERSION = 4.0;
				TARGETED_DEVICE_FAMILY = "1,2";
			};
			name = Release;
		};
		C7F60DCB1B582DCC006761A8 /* Debug */ = {
			isa = XCBuildConfiguration;
			buildSettings = {
				ALWAYS_SEARCH_USER_PATHS = NO;
				CLANG_CXX_LANGUAGE_STANDARD = "gnu++0x";
				CLANG_CXX_LIBRARY = "libc++";
				CLANG_ENABLE_MODULES = YES;
				CLANG_ENABLE_OBJC_ARC = YES;
				CLANG_WARN_BLOCK_CAPTURE_AUTORELEASING = YES;
				CLANG_WARN_BOOL_CONVERSION = YES;
				CLANG_WARN_COMMA = YES;
				CLANG_WARN_CONSTANT_CONVERSION = YES;
				CLANG_WARN_DIRECT_OBJC_ISA_USAGE = YES_ERROR;
				CLANG_WARN_EMPTY_BODY = YES;
				CLANG_WARN_ENUM_CONVERSION = YES;
				CLANG_WARN_INFINITE_RECURSION = YES;
				CLANG_WARN_INT_CONVERSION = YES;
				CLANG_WARN_NON_LITERAL_NULL_CONVERSION = YES;
				CLANG_WARN_OBJC_LITERAL_CONVERSION = YES;
				CLANG_WARN_OBJC_ROOT_CLASS = YES_ERROR;
				CLANG_WARN_RANGE_LOOP_ANALYSIS = YES;
				CLANG_WARN_STRICT_PROTOTYPES = YES;
				CLANG_WARN_SUSPICIOUS_MOVE = YES;
				CLANG_WARN_UNREACHABLE_CODE = YES;
				CLANG_WARN__DUPLICATE_METHOD_MATCH = YES;
				"CODE_SIGN_IDENTITY[sdk=iphoneos*]" = "iPhone Developer";
				COPY_PHASE_STRIP = NO;
				CURRENT_PROJECT_VERSION = 1;
				DEBUG_INFORMATION_FORMAT = dwarf;
				ENABLE_STRICT_OBJC_MSGSEND = YES;
				ENABLE_TESTABILITY = YES;
				GCC_C_LANGUAGE_STANDARD = gnu99;
				GCC_DYNAMIC_NO_PIC = NO;
				GCC_NO_COMMON_BLOCKS = YES;
				GCC_OPTIMIZATION_LEVEL = 0;
				GCC_PREPROCESSOR_DEFINITIONS = (
					"DEBUG=1",
					"$(inherited)",
				);
				GCC_WARN_64_TO_32_BIT_CONVERSION = YES;
				GCC_WARN_ABOUT_RETURN_TYPE = YES_ERROR;
				GCC_WARN_UNDECLARED_SELECTOR = YES;
				GCC_WARN_UNINITIALIZED_AUTOS = YES_AGGRESSIVE;
				GCC_WARN_UNUSED_FUNCTION = YES;
				GCC_WARN_UNUSED_VARIABLE = YES;
				IPHONEOS_DEPLOYMENT_TARGET = 8.0;
				MTL_ENABLE_DEBUG_INFO = YES;
				ONLY_ACTIVE_ARCH = YES;
				SDKROOT = iphoneos;
				SWIFT_OPTIMIZATION_LEVEL = "-Onone";
				TARGETED_DEVICE_FAMILY = "1,2";
				VERSIONING_SYSTEM = "apple-generic";
				VERSION_INFO_PREFIX = "";
			};
			name = Debug;
		};
		C7F60DCC1B582DCC006761A8 /* Release */ = {
			isa = XCBuildConfiguration;
			buildSettings = {
				ALWAYS_SEARCH_USER_PATHS = NO;
				CLANG_CXX_LANGUAGE_STANDARD = "gnu++0x";
				CLANG_CXX_LIBRARY = "libc++";
				CLANG_ENABLE_MODULES = YES;
				CLANG_ENABLE_OBJC_ARC = YES;
				CLANG_WARN_BLOCK_CAPTURE_AUTORELEASING = YES;
				CLANG_WARN_BOOL_CONVERSION = YES;
				CLANG_WARN_COMMA = YES;
				CLANG_WARN_CONSTANT_CONVERSION = YES;
				CLANG_WARN_DIRECT_OBJC_ISA_USAGE = YES_ERROR;
				CLANG_WARN_EMPTY_BODY = YES;
				CLANG_WARN_ENUM_CONVERSION = YES;
				CLANG_WARN_INFINITE_RECURSION = YES;
				CLANG_WARN_INT_CONVERSION = YES;
				CLANG_WARN_NON_LITERAL_NULL_CONVERSION = YES;
				CLANG_WARN_OBJC_LITERAL_CONVERSION = YES;
				CLANG_WARN_OBJC_ROOT_CLASS = YES_ERROR;
				CLANG_WARN_RANGE_LOOP_ANALYSIS = YES;
				CLANG_WARN_STRICT_PROTOTYPES = YES;
				CLANG_WARN_SUSPICIOUS_MOVE = YES;
				CLANG_WARN_UNREACHABLE_CODE = YES;
				CLANG_WARN__DUPLICATE_METHOD_MATCH = YES;
				"CODE_SIGN_IDENTITY[sdk=iphoneos*]" = "iPhone Developer";
				COPY_PHASE_STRIP = NO;
				CURRENT_PROJECT_VERSION = 1;
				DEBUG_INFORMATION_FORMAT = "dwarf-with-dsym";
				ENABLE_NS_ASSERTIONS = NO;
				ENABLE_STRICT_OBJC_MSGSEND = YES;
				GCC_C_LANGUAGE_STANDARD = gnu99;
				GCC_NO_COMMON_BLOCKS = YES;
				GCC_WARN_64_TO_32_BIT_CONVERSION = YES;
				GCC_WARN_ABOUT_RETURN_TYPE = YES_ERROR;
				GCC_WARN_UNDECLARED_SELECTOR = YES;
				GCC_WARN_UNINITIALIZED_AUTOS = YES_AGGRESSIVE;
				GCC_WARN_UNUSED_FUNCTION = YES;
				GCC_WARN_UNUSED_VARIABLE = YES;
				IPHONEOS_DEPLOYMENT_TARGET = 8.0;
				MTL_ENABLE_DEBUG_INFO = NO;
				SDKROOT = iphoneos;
				SWIFT_OPTIMIZATION_LEVEL = "-Owholemodule";
				TARGETED_DEVICE_FAMILY = "1,2";
				VALIDATE_PRODUCT = YES;
				VERSIONING_SYSTEM = "apple-generic";
				VERSION_INFO_PREFIX = "";
			};
			name = Release;
		};
		C7F60DCE1B582DCC006761A8 /* Debug */ = {
			isa = XCBuildConfiguration;
			buildSettings = {
				CLANG_ENABLE_MODULES = YES;
				"CODE_SIGN_IDENTITY[sdk=iphoneos*]" = "";
				DEFINES_MODULE = YES;
				DYLIB_COMPATIBILITY_VERSION = 1;
				DYLIB_CURRENT_VERSION = 1;
				DYLIB_INSTALL_NAME_BASE = "@rpath";
				INFOPLIST_FILE = AttributedLabel/Info.plist;
				INSTALL_PATH = "$(LOCAL_LIBRARY_DIR)/Frameworks";
				LD_RUNPATH_SEARCH_PATHS = "$(inherited) @executable_path/Frameworks @loader_path/Frameworks";
				PRODUCT_BUNDLE_IDENTIFIER = com.kyoheiito.AttributedLabel;
				PRODUCT_NAME = "$(TARGET_NAME)";
				SKIP_INSTALL = YES;
				SWIFT_OPTIMIZATION_LEVEL = "-Onone";
				SWIFT_VERSION = 4.0;
			};
			name = Debug;
		};
		C7F60DCF1B582DCC006761A8 /* Release */ = {
			isa = XCBuildConfiguration;
			buildSettings = {
				CLANG_ENABLE_MODULES = YES;
				"CODE_SIGN_IDENTITY[sdk=iphoneos*]" = "";
				DEFINES_MODULE = YES;
				DYLIB_COMPATIBILITY_VERSION = 1;
				DYLIB_CURRENT_VERSION = 1;
				DYLIB_INSTALL_NAME_BASE = "@rpath";
				INFOPLIST_FILE = AttributedLabel/Info.plist;
				INSTALL_PATH = "$(LOCAL_LIBRARY_DIR)/Frameworks";
				LD_RUNPATH_SEARCH_PATHS = "$(inherited) @executable_path/Frameworks @loader_path/Frameworks";
				PRODUCT_BUNDLE_IDENTIFIER = com.kyoheiito.AttributedLabel;
				PRODUCT_NAME = "$(TARGET_NAME)";
				SKIP_INSTALL = YES;
				SWIFT_VERSION = 4.0;
			};
			name = Release;
		};
		EDC739D51F7B582300206679 /* Debug */ = {
			isa = XCBuildConfiguration;
			buildSettings = {
				CLANG_ANALYZER_NONNULL = YES;
				CLANG_ANALYZER_NUMBER_OBJECT_CONVERSION = YES_AGGRESSIVE;
				CLANG_CXX_LANGUAGE_STANDARD = "gnu++14";
				CLANG_WARN_DOCUMENTATION_COMMENTS = YES;
				CLANG_WARN_UNGUARDED_AVAILABILITY = YES_AGGRESSIVE;
				CODE_SIGN_IDENTITY = "";
				CODE_SIGN_STYLE = Automatic;
				DEFINES_MODULE = YES;
				DYLIB_COMPATIBILITY_VERSION = 1;
				DYLIB_CURRENT_VERSION = 1;
				DYLIB_INSTALL_NAME_BASE = "@rpath";
				GCC_C_LANGUAGE_STANDARD = gnu11;
				INFOPLIST_FILE = AttributedLabel/Info.plist;
				INSTALL_PATH = "$(LOCAL_LIBRARY_DIR)/Frameworks";
				LD_RUNPATH_SEARCH_PATHS = "$(inherited) @executable_path/Frameworks @loader_path/Frameworks";
				PRODUCT_BUNDLE_IDENTIFIER = "jp.hryk224.AttributedLabel-tvOS";
				PRODUCT_NAME = AttributedLabel;
				SDKROOT = appletvos;
				SKIP_INSTALL = YES;
				SWIFT_ACTIVE_COMPILATION_CONDITIONS = DEBUG;
				SWIFT_VERSION = 4.0;
				TARGETED_DEVICE_FAMILY = 3;
				TVOS_DEPLOYMENT_TARGET = 10.0;
			};
			name = Debug;
		};
		EDC739D61F7B582300206679 /* Release */ = {
			isa = XCBuildConfiguration;
			buildSettings = {
				CLANG_ANALYZER_NONNULL = YES;
				CLANG_ANALYZER_NUMBER_OBJECT_CONVERSION = YES_AGGRESSIVE;
				CLANG_CXX_LANGUAGE_STANDARD = "gnu++14";
				CLANG_WARN_DOCUMENTATION_COMMENTS = YES;
				CLANG_WARN_UNGUARDED_AVAILABILITY = YES_AGGRESSIVE;
				CODE_SIGN_IDENTITY = "";
				CODE_SIGN_STYLE = Automatic;
				DEFINES_MODULE = YES;
				DYLIB_COMPATIBILITY_VERSION = 1;
				DYLIB_CURRENT_VERSION = 1;
				DYLIB_INSTALL_NAME_BASE = "@rpath";
				GCC_C_LANGUAGE_STANDARD = gnu11;
				INFOPLIST_FILE = AttributedLabel/Info.plist;
				INSTALL_PATH = "$(LOCAL_LIBRARY_DIR)/Frameworks";
				LD_RUNPATH_SEARCH_PATHS = "$(inherited) @executable_path/Frameworks @loader_path/Frameworks";
				PRODUCT_BUNDLE_IDENTIFIER = "jp.hryk224.AttributedLabel-tvOS";
				PRODUCT_NAME = AttributedLabel;
				SDKROOT = appletvos;
				SKIP_INSTALL = YES;
				SWIFT_VERSION = 4.0;
				TARGETED_DEVICE_FAMILY = 3;
				TVOS_DEPLOYMENT_TARGET = 10.0;
			};
			name = Release;
		};
		EDC739D71F7B582300206679 /* Debug */ = {
			isa = XCBuildConfiguration;
			buildSettings = {
				ALWAYS_EMBED_SWIFT_STANDARD_LIBRARIES = YES;
				CLANG_ANALYZER_NONNULL = YES;
				CLANG_ANALYZER_NUMBER_OBJECT_CONVERSION = YES_AGGRESSIVE;
				CLANG_CXX_LANGUAGE_STANDARD = "gnu++14";
				CLANG_WARN_DOCUMENTATION_COMMENTS = YES;
				CLANG_WARN_UNGUARDED_AVAILABILITY = YES_AGGRESSIVE;
				CODE_SIGN_STYLE = Automatic;
				GCC_C_LANGUAGE_STANDARD = gnu11;
				INFOPLIST_FILE = AttributedLabelTests/Info.plist;
				LD_RUNPATH_SEARCH_PATHS = "$(inherited) @executable_path/Frameworks @loader_path/Frameworks";
				PRODUCT_BUNDLE_IDENTIFIER = "jp.hryk224.AttributedLabel-tvOSTests";
				PRODUCT_NAME = "$(TARGET_NAME)";
				SDKROOT = appletvos;
				SWIFT_ACTIVE_COMPILATION_CONDITIONS = DEBUG;
				SWIFT_VERSION = 4.0;
				TARGETED_DEVICE_FAMILY = 3;
				TVOS_DEPLOYMENT_TARGET = 11.0;
			};
			name = Debug;
		};
		EDC739D81F7B582300206679 /* Release */ = {
			isa = XCBuildConfiguration;
			buildSettings = {
				ALWAYS_EMBED_SWIFT_STANDARD_LIBRARIES = YES;
				CLANG_ANALYZER_NONNULL = YES;
				CLANG_ANALYZER_NUMBER_OBJECT_CONVERSION = YES_AGGRESSIVE;
				CLANG_CXX_LANGUAGE_STANDARD = "gnu++14";
				CLANG_WARN_DOCUMENTATION_COMMENTS = YES;
				CLANG_WARN_UNGUARDED_AVAILABILITY = YES_AGGRESSIVE;
				CODE_SIGN_STYLE = Automatic;
				GCC_C_LANGUAGE_STANDARD = gnu11;
				INFOPLIST_FILE = AttributedLabelTests/Info.plist;
				LD_RUNPATH_SEARCH_PATHS = "$(inherited) @executable_path/Frameworks @loader_path/Frameworks";
				PRODUCT_BUNDLE_IDENTIFIER = "jp.hryk224.AttributedLabel-tvOSTests";
				PRODUCT_NAME = "$(TARGET_NAME)";
				SDKROOT = appletvos;
				SWIFT_VERSION = 4.0;
				TARGETED_DEVICE_FAMILY = 3;
				TVOS_DEPLOYMENT_TARGET = 11.0;
			};
			name = Release;
		};
/* End XCBuildConfiguration section */

/* Begin XCConfigurationList section */
		C75202061F73458A005E1197 /* Build configuration list for PBXNativeTarget "AttributedLabelTests" */ = {
			isa = XCConfigurationList;
			buildConfigurations = (
				C75202041F73458A005E1197 /* Debug */,
				C75202051F73458A005E1197 /* Release */,
			);
			defaultConfigurationIsVisible = 0;
			defaultConfigurationName = Release;
		};
		C7F60DBF1B582DCC006761A8 /* Build configuration list for PBXProject "AttributedLabel" */ = {
			isa = XCConfigurationList;
			buildConfigurations = (
				C7F60DCB1B582DCC006761A8 /* Debug */,
				C7F60DCC1B582DCC006761A8 /* Release */,
			);
			defaultConfigurationIsVisible = 0;
			defaultConfigurationName = Release;
		};
		C7F60DCD1B582DCC006761A8 /* Build configuration list for PBXNativeTarget "AttributedLabel" */ = {
			isa = XCConfigurationList;
			buildConfigurations = (
				C7F60DCE1B582DCC006761A8 /* Debug */,
				C7F60DCF1B582DCC006761A8 /* Release */,
			);
			defaultConfigurationIsVisible = 0;
			defaultConfigurationName = Release;
		};
		EDC739D91F7B582300206679 /* Build configuration list for PBXNativeTarget "AttributedLabel-tvOS" */ = {
			isa = XCConfigurationList;
			buildConfigurations = (
				EDC739D51F7B582300206679 /* Debug */,
				EDC739D61F7B582300206679 /* Release */,
			);
			defaultConfigurationIsVisible = 0;
			defaultConfigurationName = Release;
		};
		EDC739DA1F7B582300206679 /* Build configuration list for PBXNativeTarget "AttributedLabel-tvOSTests" */ = {
			isa = XCConfigurationList;
			buildConfigurations = (
				EDC739D71F7B582300206679 /* Debug */,
				EDC739D81F7B582300206679 /* Release */,
			);
			defaultConfigurationIsVisible = 0;
			defaultConfigurationName = Release;
		};
/* End XCConfigurationList section */
	};
	rootObject = C7F60DBC1B582DCC006761A8 /* Project object */;
}
